
Microsoft Visual Studio Solution File, Format Version 12.00
# Visual Studio Version 17
VisualStudioVersion = 17.3.32929.385
MinimumVisualStudioVersion = 10.0.40219.1
Project("{2150E333-8FDC-42A3-9474-1A3956D46DE8}") = "src", "src", "{AD4BFADA-227C-4A35-831B-EB25DBB18F8E}"
EndProject
Project("{9A19103F-16F7-4668-BE54-9A1E7A4F7556}") = "DevIO.Bussines", "src\DevIO.Bussines\DevIO.Bussines.csproj", "{89FCDAF6-FB05-409F-B7C0-2E2CC1BC47D4}"
EndProject
Project("{9A19103F-16F7-4668-BE54-9A1E7A4F7556}") = "DevIO.Data", "src\DevIO.Data\DevIO.Data.csproj", "{1C21D6B2-C2A7-4535-9EC2-4F702AC6AD46}"
EndProject
Project("{9A19103F-16F7-4668-BE54-9A1E7A4F7556}") = "DevIO.Api", "src\DevIO.Api\DevIO.Api.csproj", "{EDA9067E-18FD-41CC-9553-23959C69BED5}"
EndProject
Project("{E53339B2-1760-4266-BCC7-CA923CBCF16C}") = "docker-compose", "docker-compose.dcproj", "{887D4017-B6F0-4E60-ACFA-7E49C2078A52}"
EndProject
Global
	GlobalSection(SolutionConfigurationPlatforms) = preSolution
		Debug|Any CPU = Debug|Any CPU
		Release|Any CPU = Release|Any CPU
	EndGlobalSection
	GlobalSection(ProjectConfigurationPlatforms) = postSolution
		{89FCDAF6-FB05-409F-B7C0-2E2CC1BC47D4}.Debug|Any CPU.ActiveCfg = Debug|Any CPU
		{89FCDAF6-FB05-409F-B7C0-2E2CC1BC47D4}.Debug|Any CPU.Build.0 = Debug|Any CPU
		{89FCDAF6-FB05-409F-B7C0-2E2CC1BC47D4}.Release|Any CPU.ActiveCfg = Release|Any CPU
		{89FCDAF6-FB05-409F-B7C0-2E2CC1BC47D4}.Release|Any CPU.Build.0 = Release|Any CPU
		{1C21D6B2-C2A7-4535-9EC2-4F702AC6AD46}.Debug|Any CPU.ActiveCfg = Debug|Any CPU
		{1C21D6B2-C2A7-4535-9EC2-4F702AC6AD46}.Debug|Any CPU.Build.0 = Debug|Any CPU
		{1C21D6B2-C2A7-4535-9EC2-4F702AC6AD46}.Release|Any CPU.ActiveCfg = Release|Any CPU
		{1C21D6B2-C2A7-4535-9EC2-4F702AC6AD46}.Release|Any CPU.Build.0 = Release|Any CPU
		{EDA9067E-18FD-41CC-9553-23959C69BED5}.Debug|Any CPU.ActiveCfg = Debug|Any CPU
		{EDA9067E-18FD-41CC-9553-23959C69BED5}.Debug|Any CPU.Build.0 = Debug|Any CPU
		{EDA9067E-18FD-41CC-9553-23959C69BED5}.Release|Any CPU.ActiveCfg = Release|Any CPU
		{EDA9067E-18FD-41CC-9553-23959C69BED5}.Release|Any CPU.Build.0 = Release|Any CPU
		{887D4017-B6F0-4E60-ACFA-7E49C2078A52}.Debug|Any CPU.ActiveCfg = Debug|Any CPU
		{887D4017-B6F0-4E60-ACFA-7E49C2078A52}.Debug|Any CPU.Build.0 = Debug|Any CPU
		{887D4017-B6F0-4E60-ACFA-7E49C2078A52}.Release|Any CPU.ActiveCfg = Release|Any CPU
		{887D4017-B6F0-4E60-ACFA-7E49C2078A52}.Release|Any CPU.Build.0 = Release|Any CPU
	EndGlobalSection
	GlobalSection(SolutionProperties) = preSolution
		HideSolutionNode = FALSE
	EndGlobalSection
	GlobalSection(NestedProjects) = preSolution
		{89FCDAF6-FB05-409F-B7C0-2E2CC1BC47D4} = {AD4BFADA-227C-4A35-831B-EB25DBB18F8E}
		{1C21D6B2-C2A7-4535-9EC2-4F702AC6AD46} = {AD4BFADA-227C-4A35-831B-EB25DBB18F8E}
		{EDA9067E-18FD-41CC-9553-23959C69BED5} = {AD4BFADA-227C-4A35-831B-EB25DBB18F8E}
	EndGlobalSection
	GlobalSection(ExtensibilityGlobals) = postSolution
		SolutionGuid = {3E08200A-2DB5-4BF9-8CD0-AFC333235333}
	EndGlobalSection
EndGlobal
